<?xml version="1.0" encoding="utf-8"?>
<Project ToolsVersion="4.0" xmlns="http://schemas.microsoft.com/developer/msbuild/2003">
  <ItemGroup>
    <ClInclude Include="androidutil.h" />
    <ClInclude Include="androidcontentmanager.h" />
    <ClInclude Include="jniload.h" />
    <ClInclude Include="JavaObject.h" />
    <ClInclude Include="JavaString.h" />
    <ClInclude Include="JavaByteArray.h" />
  </ItemGroup>
  <ItemGroup>
    <ClCompile Include="androidutil.cpp" />
    <ClCompile Include="androidcontentmanager.cpp" />
    <ClCompile Include="jniload.cpp" />
  </ItemGroup>
</Project>