<?xml version="1.0" encoding="utf-8"?>
<Project ToolsVersion="4.0" xmlns="http://schemas.microsoft.com/developer/msbuild/2003">
  <ItemGroup>
    <Filter Include="ballfallnative.iOS">
      <UniqueIdentifier>{95cf7bca-9755-4cc7-86e0-5b45ce605475}</UniqueIdentifier>
    </Filter>
    <Filter Include="ballfallnative.iOS\Supporting Files">
      <UniqueIdentifier>{3959fe02-bb18-4b9d-b82b-1c782d683fc3}</UniqueIdentifier>
    </Filter>
    <Filter Include="Images.xcassets">
      <UniqueIdentifier>{60ba8036-51d3-45d1-a996-1871ddda110a}</UniqueIdentifier>
    </Filter>
    <Filter Include="Products">
      <UniqueIdentifier>{5f470b24-c265-4e29-8924-28c1314dd433}</UniqueIdentifier>
    </Filter>
  </ItemGroup>
  <ItemGroup>
    <ClInclude Include="ballfallnative.iOS\AppDelegate.h">
      <Filter>ballfallnative.iOS</Filter>
    </ClInclude>
    <ClInclude Include="ballfallnative.iOS\GameViewController.h">
      <Filter>ballfallnative.iOS</Filter>
    </ClInclude>
    <Content Include="ballfallnative.iOS\Base.lproj\Main.storyboard">
      <Filter>ballfallnative.iOS</Filter>
    </Content>
    <Content Include="ballfallnative.iOS\Images.xcassets\AppIcon.appiconset\Contents.json">
      <Filter>Images.xcassets</Filter>
    </Content>
    <None Include="ballfallnative.iOS\Info.plist">
      <Filter>ballfallnative.iOS\Supporting Files</Filter>
    </None>
    <ObjCCompile Include="ballfallnative.iOS\AppDelegate.mm">
      <Filter>ballfallnative.iOS</Filter>
    </ObjCCompile>
    <ObjCCompile Include="ballfallnative.iOS\GameViewController.mm">
      <Filter>ballfallnative.iOS</Filter>
    </ObjCCompile>
    <ObjCCompile Include="ballfallnative.iOS\main.mm">
      <Filter>ballfallnative.iOS\Supporting Files</Filter>
    </ObjCCompile>
  </ItemGroup>
</Project>