<?xml version="1.0" encoding="utf-8"?>
<Project ToolsVersion="4.0" xmlns="http://schemas.microsoft.com/developer/msbuild/2003">
  <ItemGroup>
    <Filter Include="ballfallnative.iOS">
      <UniqueIdentifier>{1170a646-a94c-4cf8-b69f-b426193a081c}</UniqueIdentifier>
    </Filter>
    <Filter Include="ballfallnative.iOS\Supporting Files">
      <UniqueIdentifier>{08e51545-468b-486f-b068-107a19d6cb94}</UniqueIdentifier>
    </Filter>
    <Filter Include="Images.xcassets">
      <UniqueIdentifier>{39f7fe84-0c37-4c29-bb52-30bcd40f0f95}</UniqueIdentifier>
    </Filter>
    <Filter Include="Products">
      <UniqueIdentifier>{354b20df-8c82-491f-9840-33b5b84a7ee2}</UniqueIdentifier>
    </Filter>
  </ItemGroup>
  <ItemGroup>
    <ClInclude Include="ballfallnative.iOS\AppDelegate.h">
      <Filter>ballfallnative.iOS</Filter>
    </ClInclude>
    <ClInclude Include="ballfallnative.iOS\GameViewController.h">
      <Filter>ballfallnative.iOS</Filter>
    </ClInclude>
    <Content Include="ballfallnative.iOS\Base.lproj\Main.storyboard">
      <Filter>ballfallnative.iOS</Filter>
    </Content>
    <Content Include="ballfallnative.iOS\Images.xcassets\AppIcon.appiconset\Contents.json">
      <Filter>Images.xcassets</Filter>
    </Content>
    <None Include="ballfallnative.iOS\Info.plist">
      <Filter>ballfallnative.iOS\Supporting Files</Filter>
    </None>
    <ObjCCompile Include="ballfallnative.iOS\AppDelegate.mm">
      <Filter>ballfallnative.iOS</Filter>
    </ObjCCompile>
    <ObjCCompile Include="ballfallnative.iOS\GameViewController.mm">
      <Filter>ballfallnative.iOS</Filter>
    </ObjCCompile>
    <ObjCCompile Include="ballfallnative.iOS\main.mm">
      <Filter>ballfallnative.iOS\Supporting Files</Filter>
    </ObjCCompile>
  </ItemGroup>
</Project>